
Microsoft Visual Studio Solution File, Format Version 12.00
# Visual Studio Version 16
VisualStudioVersion = 25.0.1703.2
MinimumVisualStudioVersion = 10.0.40219.1
Project("{FAE04EC0-301F-11D3-BF4B-00C04F79EFBC}") = "MSY", "MSY.csproj", "{560D5F89-BF9B-4AED-9DCD-07B0C47B5547}"
EndProject
Global
	GlobalSection(SolutionConfigurationPlatforms) = preSolution
		Debug|Any CPU = Debug|Any CPU
		Release|Any CPU = Release|Any CPU
	EndGlobalSection
	GlobalSection(ProjectConfigurationPlatforms) = postSolution
		{560D5F89-BF9B-4AED-9DCD-07B0C47B5547}.Debug|Any CPU.ActiveCfg = Debug|Any CPU
		{560D5F89-BF9B-4AED-9DCD-07B0C47B5547}.Debug|Any CPU.Build.0 = Debug|Any CPU
		{560D5F89-BF9B-4AED-9DCD-07B0C47B5547}.Release|Any CPU.ActiveCfg = Release|Any CPU
		{560D5F89-BF9B-4AED-9DCD-07B0C47B5547}.Release|Any CPU.Build.0 = Release|Any CPU
	EndGlobalSection
	GlobalSection(SolutionProperties) = preSolution
		HideSolutionNode = FALSE
	EndGlobalSection
	GlobalSection(ExtensibilityGlobals) = postSolution
		SolutionGuid = {1D48A298-6991-4BA7-99EB-A9621222B063}
	EndGlobalSection
EndGlobal
